
Microsoft Visual Studio Solution File, Format Version 12.00
# Visual Studio Version 17
VisualStudioVersion = 17.1.32319.34
MinimumVisualStudioVersion = 10.0.40219.1
Project("{FAE04EC0-301F-11D3-BF4B-00C04F79EFBC}") = "CibiPreferiti", "CibiPreferiti\CibiPreferiti.csproj", "{3D161CEC-34D1-4554-A4FE-F25540E10ADF}"
EndProject
Global
	GlobalSection(SolutionConfigurationPlatforms) = preSolution
		Debug|Any CPU = Debug|Any CPU
		Release|Any CPU = Release|Any CPU
	EndGlobalSection
	GlobalSection(ProjectConfigurationPlatforms) = postSolution
		{3D161CEC-34D1-4554-A4FE-F25540E10ADF}.Debug|Any CPU.ActiveCfg = Debug|Any CPU
		{3D161CEC-34D1-4554-A4FE-F25540E10ADF}.Debug|Any CPU.Build.0 = Debug|Any CPU
		{3D161CEC-34D1-4554-A4FE-F25540E10ADF}.Release|Any CPU.ActiveCfg = Release|Any CPU
		{3D161CEC-34D1-4554-A4FE-F25540E10ADF}.Release|Any CPU.Build.0 = Release|Any CPU
	EndGlobalSection
	GlobalSection(SolutionProperties) = preSolution
		HideSolutionNode = FALSE
	EndGlobalSection
	GlobalSection(ExtensibilityGlobals) = postSolution
		SolutionGuid = {BEFFC34E-B2DE-4775-A05F-D70ED4CCF2B5}
	EndGlobalSection
EndGlobal
